// !$*UTF8*$!
{
	archiveVersion = 1;
	classes = {
	};
	objectVersion = 56;
	objects = {

/* Begin PBXBuildFile section */
		ED0228B32A0F445400790993 /* saltusApp.swift in Sources */ = {isa = PBXBuildFile; fileRef = ED0228B22A0F445400790993 /* saltusApp.swift */; };
		ED0228B52A0F445400790993 /* ContentView.swift in Sources */ = {isa = PBXBuildFile; fileRef = ED0228B42A0F445400790993 /* ContentView.swift */; };
		ED0228B72A0F445500790993 /* Assets.xcassets in Resources */ = {isa = PBXBuildFile; fileRef = ED0228B62A0F445500790993 /* Assets.xcassets */; };
		ED0228BA2A0F445500790993 /* Preview Assets.xcassets in Resources */ = {isa = PBXBuildFile; fileRef = ED0228B92A0F445500790993 /* Preview Assets.xcassets */; };
		ED0228C52A0F445500790993 /* saltusTests.swift in Sources */ = {isa = PBXBuildFile; fileRef = ED0228C42A0F445500790993 /* saltusTests.swift */; };
		ED0228CF2A0F445500790993 /* saltusUITests.swift in Sources */ = {isa = PBXBuildFile; fileRef = ED0228CE2A0F445500790993 /* saltusUITests.swift */; };
		ED0228D12A0F445500790993 /* saltusUITestsLaunchTests.swift in Sources */ = {isa = PBXBuildFile; fileRef = ED0228D02A0F445500790993 /* saltusUITestsLaunchTests.swift */; };
		ED0228EF2A11E6E600790993 /* mruby_bridge.m in Sources */ = {isa = PBXBuildFile; fileRef = ED0228EE2A11E6E600790993 /* mruby_bridge.m */; };
		ED0C2C902A11E8A6005E1F01 /* libmruby.a in Frameworks */ = {isa = PBXBuildFile; fileRef = ED0228EC2A11C9A900790993 /* libmruby.a */; };
		ED0C2C922A11F2C7005E1F01 /* ApplicationData.swift in Sources */ = {isa = PBXBuildFile; fileRef = ED0C2C912A11F2C7005E1F01 /* ApplicationData.swift */; };
		ED0C2C942A11F3BD005E1F01 /* EditorView.swift in Sources */ = {isa = PBXBuildFile; fileRef = ED0C2C932A11F3BD005E1F01 /* EditorView.swift */; };
		ED0C2C962A121B85005E1F01 /* ArticleListView.swift in Sources */ = {isa = PBXBuildFile; fileRef = ED0C2C952A121B85005E1F01 /* ArticleListView.swift */; };
		ED0C2C982A121B9E005E1F01 /* NavigatorView.swift in Sources */ = {isa = PBXBuildFile; fileRef = ED0C2C972A121B9E005E1F01 /* NavigatorView.swift */; };
		ED2F63442A15CB1900B40595 /* WebViewWrapper.swift in Sources */ = {isa = PBXBuildFile; fileRef = ED2F63432A15CB1900B40595 /* WebViewWrapper.swift */; };
		ED2F634E2A1605A400B40595 /* highlight.min.js in Resources */ = {isa = PBXBuildFile; fileRef = ED2F634D2A1605A400B40595 /* highlight.min.js */; };
		ED2F63502A1605C200B40595 /* default.min.css in Resources */ = {isa = PBXBuildFile; fileRef = ED2F634F2A1605C200B40595 /* default.min.css */; };
		ED2F63532A16BB9000B40595 /* easymde.min.css in Resources */ = {isa = PBXBuildFile; fileRef = ED2F63512A16BB9000B40595 /* easymde.min.css */; };
		ED2F63542A16BB9000B40595 /* easymde.min.js in Resources */ = {isa = PBXBuildFile; fileRef = ED2F63522A16BB9000B40595 /* easymde.min.js */; };
		ED2F63562A16D1A600B40595 /* JsonMessageHandler.swift in Sources */ = {isa = PBXBuildFile; fileRef = ED2F63552A16D1A600B40595 /* JsonMessageHandler.swift */; };
		ED2F63582A16D80200B40595 /* common.swift in Sources */ = {isa = PBXBuildFile; fileRef = ED2F63572A16D80200B40595 /* common.swift */; };
		ED2F635A2A1835BD00B40595 /* FolderListView.swift in Sources */ = {isa = PBXBuildFile; fileRef = ED2F63592A1835BD00B40595 /* FolderListView.swift */; };
		ED2F636D2A183AB400B40595 /* ApplicationModel.xcdatamodeld in Sources */ = {isa = PBXBuildFile; fileRef = ED2F636B2A183AB400B40595 /* ApplicationModel.xcdatamodeld */; };
		ED8FC4822A183EA500F871B8 /* Article+CoreDataClass.swift in Sources */ = {isa = PBXBuildFile; fileRef = ED8FC47E2A183EA500F871B8 /* Article+CoreDataClass.swift */; };
		ED8FC4832A183EA500F871B8 /* Article+CoreDataProperties.swift in Sources */ = {isa = PBXBuildFile; fileRef = ED8FC47F2A183EA500F871B8 /* Article+CoreDataProperties.swift */; };
		ED8FC48D2A184BD700F871B8 /* Folder+CoreDataClass.swift in Sources */ = {isa = PBXBuildFile; fileRef = ED8FC48B2A184BD700F871B8 /* Folder+CoreDataClass.swift */; };
		ED8FC48E2A184BD700F871B8 /* Folder+CoreDataProperties.swift in Sources */ = {isa = PBXBuildFile; fileRef = ED8FC48C2A184BD700F871B8 /* Folder+CoreDataProperties.swift */; };
		ED8FC4902A188F1800F871B8 /* MRubyPlugin.swift in Sources */ = {isa = PBXBuildFile; fileRef = ED8FC48F2A188F1800F871B8 /* MRubyPlugin.swift */; };
		ED8FC4922A19F0C200F871B8 /* CardView.swift in Sources */ = {isa = PBXBuildFile; fileRef = ED8FC4912A19F0C200F871B8 /* CardView.swift */; };
		ED8FC4942A1A157200F871B8 /* font-awesome.min.css in Resources */ = {isa = PBXBuildFile; fileRef = ED8FC4932A1A157200F871B8 /* font-awesome.min.css */; };
		ED9AE0912A183D4E00476DCA /* WebView in Frameworks */ = {isa = PBXBuildFile; productRef = ED9AE0902A183D4E00476DCA /* WebView */; };
		ED9AE0942A183D6600476DCA /* Ink in Frameworks */ = {isa = PBXBuildFile; productRef = ED9AE0932A183D6600476DCA /* Ink */; };
		EDA1A4E72A12EFED00630A0D /* index.html in Resources */ = {isa = PBXBuildFile; fileRef = EDA1A4E62A12EFED00630A0D /* index.html */; };
		EDA1A4E92A12F04800630A0D /* index.js in Resources */ = {isa = PBXBuildFile; fileRef = EDA1A4E82A12F04800630A0D /* index.js */; };
/* End PBXBuildFile section */

/* Begin PBXBuildRule section */
		ED0C2C992A121CA8005E1F01 /* PBXBuildRule */ = {
			isa = PBXBuildRule;
			compilerSpec = com.apple.compilers.proxy.script;
			fileType = file.skybox;
			inputFiles = (
			);
			isEditable = 1;
			outputFiles = (
			);
			script = "# rctool\n";
		};
/* End PBXBuildRule section */

/* Begin PBXContainerItemProxy section */
		ED0228C12A0F445500790993 /* PBXContainerItemProxy */ = {
			isa = PBXContainerItemProxy;
			containerPortal = ED0228A72A0F445400790993 /* Project object */;
			proxyType = 1;
			remoteGlobalIDString = ED0228AE2A0F445400790993;
			remoteInfo = saltus;
		};
		ED0228CB2A0F445500790993 /* PBXContainerItemProxy */ = {
			isa = PBXContainerItemProxy;
			containerPortal = ED0228A72A0F445400790993 /* Project object */;
			proxyType = 1;
			remoteGlobalIDString = ED0228AE2A0F445400790993;
			remoteInfo = saltus;
		};
/* End PBXContainerItemProxy section */

/* Begin PBXFileReference section */
		ED0228AF2A0F445400790993 /* saltus.app */ = {isa = PBXFileReference; explicitFileType = wrapper.application; includeInIndex = 0; path = saltus.app; sourceTree = BUILT_PRODUCTS_DIR; };
		ED0228B22A0F445400790993 /* saltusApp.swift */ = {isa = PBXFileReference; lastKnownFileType = sourcecode.swift; path = saltusApp.swift; sourceTree = "<group>"; };
		ED0228B42A0F445400790993 /* ContentView.swift */ = {isa = PBXFileReference; lastKnownFileType = sourcecode.swift; path = ContentView.swift; sourceTree = "<group>"; };
		ED0228B62A0F445500790993 /* Assets.xcassets */ = {isa = PBXFileReference; lastKnownFileType = folder.assetcatalog; path = Assets.xcassets; sourceTree = "<group>"; };
		ED0228B92A0F445500790993 /* Preview Assets.xcassets */ = {isa = PBXFileReference; lastKnownFileType = folder.assetcatalog; path = "Preview Assets.xcassets"; sourceTree = "<group>"; };
		ED0228BB2A0F445500790993 /* saltus.entitlements */ = {isa = PBXFileReference; lastKnownFileType = text.plist.entitlements; path = saltus.entitlements; sourceTree = "<group>"; };
		ED0228C02A0F445500790993 /* saltusTests.xctest */ = {isa = PBXFileReference; explicitFileType = wrapper.cfbundle; includeInIndex = 0; path = saltusTests.xctest; sourceTree = BUILT_PRODUCTS_DIR; };
		ED0228C42A0F445500790993 /* saltusTests.swift */ = {isa = PBXFileReference; lastKnownFileType = sourcecode.swift; path = saltusTests.swift; sourceTree = "<group>"; };
		ED0228CA2A0F445500790993 /* saltusUITests.xctest */ = {isa = PBXFileReference; explicitFileType = wrapper.cfbundle; includeInIndex = 0; path = saltusUITests.xctest; sourceTree = BUILT_PRODUCTS_DIR; };
		ED0228CE2A0F445500790993 /* saltusUITests.swift */ = {isa = PBXFileReference; lastKnownFileType = sourcecode.swift; path = saltusUITests.swift; sourceTree = "<group>"; };
		ED0228D02A0F445500790993 /* saltusUITestsLaunchTests.swift */ = {isa = PBXFileReference; lastKnownFileType = sourcecode.swift; path = saltusUITestsLaunchTests.swift; sourceTree = "<group>"; };
		ED0228E72A11C46500790993 /* mruby_bridge.h */ = {isa = PBXFileReference; lastKnownFileType = sourcecode.c.h; path = mruby_bridge.h; sourceTree = "<group>"; };
		ED0228EA2A11C4B200790993 /* saltus-Bridging-Header.h */ = {isa = PBXFileReference; lastKnownFileType = sourcecode.c.h; path = "saltus-Bridging-Header.h"; sourceTree = "<group>"; };
		ED0228EC2A11C9A900790993 /* libmruby.a */ = {isa = PBXFileReference; lastKnownFileType = archive.ar; name = libmruby.a; path = mruby/build/host/lib/libmruby.a; sourceTree = "<group>"; };
		ED0228EE2A11E6E600790993 /* mruby_bridge.m */ = {isa = PBXFileReference; lastKnownFileType = sourcecode.c.objc; path = mruby_bridge.m; sourceTree = "<group>"; };
		ED0C2C912A11F2C7005E1F01 /* ApplicationData.swift */ = {isa = PBXFileReference; lastKnownFileType = sourcecode.swift; path = ApplicationData.swift; sourceTree = "<group>"; };
		ED0C2C932A11F3BD005E1F01 /* EditorView.swift */ = {isa = PBXFileReference; lastKnownFileType = sourcecode.swift; path = EditorView.swift; sourceTree = "<group>"; };
		ED0C2C952A121B85005E1F01 /* ArticleListView.swift */ = {isa = PBXFileReference; lastKnownFileType = sourcecode.swift; path = ArticleListView.swift; sourceTree = "<group>"; };
		ED0C2C972A121B9E005E1F01 /* NavigatorView.swift */ = {isa = PBXFileReference; lastKnownFileType = sourcecode.swift; path = NavigatorView.swift; sourceTree = "<group>"; };
		ED2F63432A15CB1900B40595 /* WebViewWrapper.swift */ = {isa = PBXFileReference; lastKnownFileType = sourcecode.swift; path = WebViewWrapper.swift; sourceTree = "<group>"; };
		ED2F634D2A1605A400B40595 /* highlight.min.js */ = {isa = PBXFileReference; lastKnownFileType = sourcecode.javascript; path = highlight.min.js; sourceTree = "<group>"; };
		ED2F634F2A1605C200B40595 /* default.min.css */ = {isa = PBXFileReference; lastKnownFileType = text.css; path = default.min.css; sourceTree = "<group>"; };
		ED2F63512A16BB9000B40595 /* easymde.min.css */ = {isa = PBXFileReference; fileEncoding = 4; lastKnownFileType = text.css; path = easymde.min.css; sourceTree = "<group>"; };
		ED2F63522A16BB9000B40595 /* easymde.min.js */ = {isa = PBXFileReference; fileEncoding = 4; lastKnownFileType = sourcecode.javascript; path = easymde.min.js; sourceTree = "<group>"; };
		ED2F63552A16D1A600B40595 /* JsonMessageHandler.swift */ = {isa = PBXFileReference; lastKnownFileType = sourcecode.swift; path = JsonMessageHandler.swift; sourceTree = "<group>"; };
		ED2F63572A16D80200B40595 /* common.swift */ = {isa = PBXFileReference; lastKnownFileType = sourcecode.swift; path = common.swift; sourceTree = "<group>"; };
		ED2F63592A1835BD00B40595 /* FolderListView.swift */ = {isa = PBXFileReference; lastKnownFileType = sourcecode.swift; path = FolderListView.swift; sourceTree = "<group>"; };
		ED2F636C2A183AB400B40595 /* ApplicationModel.xcdatamodel */ = {isa = PBXFileReference; lastKnownFileType = wrapper.xcdatamodel; path = ApplicationModel.xcdatamodel; sourceTree = "<group>"; };
		ED8FC47E2A183EA500F871B8 /* Article+CoreDataClass.swift */ = {isa = PBXFileReference; lastKnownFileType = sourcecode.swift; path = "Article+CoreDataClass.swift"; sourceTree = "<group>"; };
		ED8FC47F2A183EA500F871B8 /* Article+CoreDataProperties.swift */ = {isa = PBXFileReference; lastKnownFileType = sourcecode.swift; path = "Article+CoreDataProperties.swift"; sourceTree = "<group>"; };
		ED8FC48B2A184BD700F871B8 /* Folder+CoreDataClass.swift */ = {isa = PBXFileReference; lastKnownFileType = sourcecode.swift; path = "Folder+CoreDataClass.swift"; sourceTree = "<group>"; };
		ED8FC48C2A184BD700F871B8 /* Folder+CoreDataProperties.swift */ = {isa = PBXFileReference; lastKnownFileType = sourcecode.swift; path = "Folder+CoreDataProperties.swift"; sourceTree = "<group>"; };
		ED8FC48F2A188F1800F871B8 /* MRubyPlugin.swift */ = {isa = PBXFileReference; lastKnownFileType = sourcecode.swift; path = MRubyPlugin.swift; sourceTree = "<group>"; };
		ED8FC4912A19F0C200F871B8 /* CardView.swift */ = {isa = PBXFileReference; lastKnownFileType = sourcecode.swift; path = CardView.swift; sourceTree = "<group>"; };
		ED8FC4932A1A157200F871B8 /* font-awesome.min.css */ = {isa = PBXFileReference; lastKnownFileType = text.css; path = "font-awesome.min.css"; sourceTree = "<group>"; };
		EDA1A4E62A12EFED00630A0D /* index.html */ = {isa = PBXFileReference; lastKnownFileType = text.html; path = index.html; sourceTree = "<group>"; };
		EDA1A4E82A12F04800630A0D /* index.js */ = {isa = PBXFileReference; lastKnownFileType = sourcecode.javascript; path = index.js; sourceTree = "<group>"; };
/* End PBXFileReference section */

/* Begin PBXFrameworksBuildPhase section */
		ED0228AC2A0F445400790993 /* Frameworks */ = {
			isa = PBXFrameworksBuildPhase;
			buildActionMask = 2147483647;
			files = (
				ED9AE0942A183D6600476DCA /* Ink in Frameworks */,
				ED9AE0912A183D4E00476DCA /* WebView in Frameworks */,
				ED0C2C902A11E8A6005E1F01 /* libmruby.a in Frameworks */,
			);
			runOnlyForDeploymentPostprocessing = 0;
		};
		ED0228BD2A0F445500790993 /* Frameworks */ = {
			isa = PBXFrameworksBuildPhase;
			buildActionMask = 2147483647;
			files = (
			);
			runOnlyForDeploymentPostprocessing = 0;
		};
		ED0228C72A0F445500790993 /* Frameworks */ = {
			isa = PBXFrameworksBuildPhase;
			buildActionMask = 2147483647;
			files = (
			);
			runOnlyForDeploymentPostprocessing = 0;
		};
/* End PBXFrameworksBuildPhase section */

/* Begin PBXGroup section */
		ED0228A62A0F445400790993 = {
			isa = PBXGroup;
			children = (
				ED0228B12A0F445400790993 /* saltus */,
				ED0228C32A0F445500790993 /* saltusTests */,
				ED0228CD2A0F445500790993 /* saltusUITests */,
				ED0228B02A0F445400790993 /* Products */,
				ED0228EB2A11C9A900790993 /* Frameworks */,
			);
			sourceTree = "<group>";
		};
		ED0228B02A0F445400790993 /* Products */ = {
			isa = PBXGroup;
			children = (
				ED0228AF2A0F445400790993 /* saltus.app */,
				ED0228C02A0F445500790993 /* saltusTests.xctest */,
				ED0228CA2A0F445500790993 /* saltusUITests.xctest */,
			);
			name = Products;
			sourceTree = "<group>";
		};
		ED0228B12A0F445400790993 /* saltus */ = {
			isa = PBXGroup;
			children = (
				ED8FC4862A183EAF00F871B8 /* models */,
				ED2F636B2A183AB400B40595 /* ApplicationModel.xcdatamodeld */,
				EDA1A4E52A12EFB100630A0D /* editor */,
				ED2F63572A16D80200B40595 /* common.swift */,
				ED8FC4912A19F0C200F871B8 /* CardView.swift */,
				ED0228B22A0F445400790993 /* saltusApp.swift */,
				ED0228B42A0F445400790993 /* ContentView.swift */,
				ED0C2C952A121B85005E1F01 /* ArticleListView.swift */,
				ED0C2C972A121B9E005E1F01 /* NavigatorView.swift */,
				ED0C2C932A11F3BD005E1F01 /* EditorView.swift */,
				ED0C2C912A11F2C7005E1F01 /* ApplicationData.swift */,
				ED2F63592A1835BD00B40595 /* FolderListView.swift */,
				ED0228EE2A11E6E600790993 /* mruby_bridge.m */,
				ED0228E72A11C46500790993 /* mruby_bridge.h */,
				ED0228B62A0F445500790993 /* Assets.xcassets */,
				ED0228BB2A0F445500790993 /* saltus.entitlements */,
				ED0228EA2A11C4B200790993 /* saltus-Bridging-Header.h */,
				ED0228B82A0F445500790993 /* Preview Content */,
				ED2F63432A15CB1900B40595 /* WebViewWrapper.swift */,
				ED2F63552A16D1A600B40595 /* JsonMessageHandler.swift */,
				ED8FC48F2A188F1800F871B8 /* MRubyPlugin.swift */,
			);
			path = saltus;
			sourceTree = "<group>";
		};
		ED0228B82A0F445500790993 /* Preview Content */ = {
			isa = PBXGroup;
			children = (
				ED0228B92A0F445500790993 /* Preview Assets.xcassets */,
			);
			path = "Preview Content";
			sourceTree = "<group>";
		};
		ED0228C32A0F445500790993 /* saltusTests */ = {
			isa = PBXGroup;
			children = (
				ED0228C42A0F445500790993 /* saltusTests.swift */,
			);
			path = saltusTests;
			sourceTree = "<group>";
		};
		ED0228CD2A0F445500790993 /* saltusUITests */ = {
			isa = PBXGroup;
			children = (
				ED0228CE2A0F445500790993 /* saltusUITests.swift */,
				ED0228D02A0F445500790993 /* saltusUITestsLaunchTests.swift */,
			);
			path = saltusUITests;
			sourceTree = "<group>";
		};
		ED0228EB2A11C9A900790993 /* Frameworks */ = {
			isa = PBXGroup;
			children = (
				ED0228EC2A11C9A900790993 /* libmruby.a */,
			);
			name = Frameworks;
			sourceTree = "<group>";
		};
		ED8FC4862A183EAF00F871B8 /* models */ = {
			isa = PBXGroup;
			children = (
				ED8FC48B2A184BD700F871B8 /* Folder+CoreDataClass.swift */,
				ED8FC48C2A184BD700F871B8 /* Folder+CoreDataProperties.swift */,
				ED8FC47E2A183EA500F871B8 /* Article+CoreDataClass.swift */,
				ED8FC47F2A183EA500F871B8 /* Article+CoreDataProperties.swift */,
			);
			path = models;
			sourceTree = "<group>";
		};
		EDA1A4E52A12EFB100630A0D /* editor */ = {
			isa = PBXGroup;
			children = (
				ED2F63512A16BB9000B40595 /* easymde.min.css */,
				ED2F63522A16BB9000B40595 /* easymde.min.js */,
				EDA1A4E62A12EFED00630A0D /* index.html */,
				ED2F634D2A1605A400B40595 /* highlight.min.js */,
				ED2F634F2A1605C200B40595 /* default.min.css */,
				EDA1A4E82A12F04800630A0D /* index.js */,
				ED8FC4932A1A157200F871B8 /* font-awesome.min.css */,
			);
			path = editor;
			sourceTree = "<group>";
		};
/* End PBXGroup section */

/* Begin PBXNativeTarget section */
		ED0228AE2A0F445400790993 /* saltus */ = {
			isa = PBXNativeTarget;
			buildConfigurationList = ED0228D42A0F445500790993 /* Build configuration list for PBXNativeTarget "saltus" */;
			buildPhases = (
				ED0228AB2A0F445400790993 /* Sources */,
				ED0228AC2A0F445400790993 /* Frameworks */,
				ED0228AD2A0F445400790993 /* Resources */,
			);
			buildRules = (
				ED0C2C992A121CA8005E1F01 /* PBXBuildRule */,
			);
			dependencies = (
			);
			name = saltus;
			packageProductDependencies = (
				ED9AE0902A183D4E00476DCA /* WebView */,
				ED9AE0932A183D6600476DCA /* Ink */,
			);
			productName = saltus;
			productReference = ED0228AF2A0F445400790993 /* saltus.app */;
			productType = "com.apple.product-type.application";
		};
		ED0228BF2A0F445500790993 /* saltusTests */ = {
			isa = PBXNativeTarget;
			buildConfigurationList = ED0228D72A0F445500790993 /* Build configuration list for PBXNativeTarget "saltusTests" */;
			buildPhases = (
				ED0228BC2A0F445500790993 /* Sources */,
				ED0228BD2A0F445500790993 /* Frameworks */,
				ED0228BE2A0F445500790993 /* Resources */,
			);
			buildRules = (
			);
			dependencies = (
				ED0228C22A0F445500790993 /* PBXTargetDependency */,
			);
			name = saltusTests;
			productName = saltusTests;
			productReference = ED0228C02A0F445500790993 /* saltusTests.xctest */;
			productType = "com.apple.product-type.bundle.unit-test";
		};
		ED0228C92A0F445500790993 /* saltusUITests */ = {
			isa = PBXNativeTarget;
			buildConfigurationList = ED0228DA2A0F445500790993 /* Build configuration list for PBXNativeTarget "saltusUITests" */;
			buildPhases = (
				ED0228C62A0F445500790993 /* Sources */,
				ED0228C72A0F445500790993 /* Frameworks */,
				ED0228C82A0F445500790993 /* Resources */,
			);
			buildRules = (
			);
			dependencies = (
				ED0228CC2A0F445500790993 /* PBXTargetDependency */,
			);
			name = saltusUITests;
			productName = saltusUITests;
			productReference = ED0228CA2A0F445500790993 /* saltusUITests.xctest */;
			productType = "com.apple.product-type.bundle.ui-testing";
		};
/* End PBXNativeTarget section */

/* Begin PBXProject section */
		ED0228A72A0F445400790993 /* Project object */ = {
			isa = PBXProject;
			attributes = {
				BuildIndependentTargetsInParallel = 1;
				LastSwiftUpdateCheck = 1420;
				LastUpgradeCheck = 1420;
				TargetAttributes = {
					ED0228AE2A0F445400790993 = {
						CreatedOnToolsVersion = 14.2;
						LastSwiftMigration = 1420;
					};
					ED0228BF2A0F445500790993 = {
						CreatedOnToolsVersion = 14.2;
						TestTargetID = ED0228AE2A0F445400790993;
					};
					ED0228C92A0F445500790993 = {
						CreatedOnToolsVersion = 14.2;
						TestTargetID = ED0228AE2A0F445400790993;
					};
				};
			};
			buildConfigurationList = ED0228AA2A0F445400790993 /* Build configuration list for PBXProject "saltus" */;
			compatibilityVersion = "Xcode 14.0";
			developmentRegion = en;
			hasScannedForEncodings = 0;
			knownRegions = (
				en,
				Base,
			);
			mainGroup = ED0228A62A0F445400790993;
			packageReferences = (
				ED9AE08F2A183D4E00476DCA /* XCRemoteSwiftPackageReference "SwiftUI-WebView" */,
				ED9AE0922A183D6600476DCA /* XCRemoteSwiftPackageReference "Ink" */,
			);
			productRefGroup = ED0228B02A0F445400790993 /* Products */;
			projectDirPath = "";
			projectRoot = "";
			targets = (
				ED0228AE2A0F445400790993 /* saltus */,
				ED0228BF2A0F445500790993 /* saltusTests */,
				ED0228C92A0F445500790993 /* saltusUITests */,
			);
		};
/* End PBXProject section */

/* Begin PBXResourcesBuildPhase section */
		ED0228AD2A0F445400790993 /* Resources */ = {
			isa = PBXResourcesBuildPhase;
			buildActionMask = 2147483647;
			files = (
				EDA1A4E72A12EFED00630A0D /* index.html in Resources */,
				ED2F63532A16BB9000B40595 /* easymde.min.css in Resources */,
				ED0228BA2A0F445500790993 /* Preview Assets.xcassets in Resources */,
				ED2F63542A16BB9000B40595 /* easymde.min.js in Resources */,
				ED8FC4942A1A157200F871B8 /* font-awesome.min.css in Resources */,
				ED0228B72A0F445500790993 /* Assets.xcassets in Resources */,
				ED2F63502A1605C200B40595 /* default.min.css in Resources */,
				ED2F634E2A1605A400B40595 /* highlight.min.js in Resources */,
				EDA1A4E92A12F04800630A0D /* index.js in Resources */,
			);
			runOnlyForDeploymentPostprocessing = 0;
		};
		ED0228BE2A0F445500790993 /* Resources */ = {
			isa = PBXResourcesBuildPhase;
			buildActionMask = 2147483647;
			files = (
			);
			runOnlyForDeploymentPostprocessing = 0;
		};
		ED0228C82A0F445500790993 /* Resources */ = {
			isa = PBXResourcesBuildPhase;
			buildActionMask = 2147483647;
			files = (
			);
			runOnlyForDeploymentPostprocessing = 0;
		};
/* End PBXResourcesBuildPhase section */

/* Begin PBXSourcesBuildPhase section */
		ED0228AB2A0F445400790993 /* Sources */ = {
			isa = PBXSourcesBuildPhase;
			buildActionMask = 2147483647;
			files = (
				ED0228EF2A11E6E600790993 /* mruby_bridge.m in Sources */,
				ED8FC48E2A184BD700F871B8 /* Folder+CoreDataProperties.swift in Sources */,
				ED2F63442A15CB1900B40595 /* WebViewWrapper.swift in Sources */,
				ED8FC4902A188F1800F871B8 /* MRubyPlugin.swift in Sources */,
				ED8FC48D2A184BD700F871B8 /* Folder+CoreDataClass.swift in Sources */,
				ED2F63562A16D1A600B40595 /* JsonMessageHandler.swift in Sources */,
				ED2F63582A16D80200B40595 /* common.swift in Sources */,
				ED8FC4822A183EA500F871B8 /* Article+CoreDataClass.swift in Sources */,
				ED0228B52A0F445400790993 /* ContentView.swift in Sources */,
				ED8FC4832A183EA500F871B8 /* Article+CoreDataProperties.swift in Sources */,
				ED8FC4922A19F0C200F871B8 /* CardView.swift in Sources */,
				ED0C2C962A121B85005E1F01 /* ArticleListView.swift in Sources */,
				ED0C2C982A121B9E005E1F01 /* NavigatorView.swift in Sources */,
				ED2F636D2A183AB400B40595 /* ApplicationModel.xcdatamodeld in Sources */,
				ED0C2C922A11F2C7005E1F01 /* ApplicationData.swift in Sources */,
				ED0228B32A0F445400790993 /* saltusApp.swift in Sources */,
				ED2F635A2A1835BD00B40595 /* FolderListView.swift in Sources */,
				ED0C2C942A11F3BD005E1F01 /* EditorView.swift in Sources */,
			);
			runOnlyForDeploymentPostprocessing = 0;
		};
		ED0228BC2A0F445500790993 /* Sources */ = {
			isa = PBXSourcesBuildPhase;
			buildActionMask = 2147483647;
			files = (
				ED0228C52A0F445500790993 /* saltusTests.swift in Sources */,
			);
			runOnlyForDeploymentPostprocessing = 0;
		};
		ED0228C62A0F445500790993 /* Sources */ = {
			isa = PBXSourcesBuildPhase;
			buildActionMask = 2147483647;
			files = (
				ED0228D12A0F445500790993 /* saltusUITestsLaunchTests.swift in Sources */,
				ED0228CF2A0F445500790993 /* saltusUITests.swift in Sources */,
			);
			runOnlyForDeploymentPostprocessing = 0;
		};
/* End PBXSourcesBuildPhase section */

/* Begin PBXTargetDependency section */
		ED0228C22A0F445500790993 /* PBXTargetDependency */ = {
			isa = PBXTargetDependency;
			target = ED0228AE2A0F445400790993 /* saltus */;
			targetProxy = ED0228C12A0F445500790993 /* PBXContainerItemProxy */;
		};
		ED0228CC2A0F445500790993 /* PBXTargetDependency */ = {
			isa = PBXTargetDependency;
			target = ED0228AE2A0F445400790993 /* saltus */;
			targetProxy = ED0228CB2A0F445500790993 /* PBXContainerItemProxy */;
		};
/* End PBXTargetDependency section */

/* Begin XCBuildConfiguration section */
		ED0228D22A0F445500790993 /* Debug */ = {
			isa = XCBuildConfiguration;
			buildSettings = {
				ALWAYS_SEARCH_USER_PATHS = NO;
				CLANG_ANALYZER_NONNULL = YES;
				CLANG_ANALYZER_NUMBER_OBJECT_CONVERSION = YES_AGGRESSIVE;
				CLANG_CXX_LANGUAGE_STANDARD = "gnu++20";
				CLANG_ENABLE_MODULES = YES;
				CLANG_ENABLE_OBJC_ARC = YES;
				CLANG_ENABLE_OBJC_WEAK = YES;
				CLANG_WARN_BLOCK_CAPTURE_AUTORELEASING = YES;
				CLANG_WARN_BOOL_CONVERSION = YES;
				CLANG_WARN_COMMA = YES;
				CLANG_WARN_CONSTANT_CONVERSION = YES;
				CLANG_WARN_DEPRECATED_OBJC_IMPLEMENTATIONS = YES;
				CLANG_WARN_DIRECT_OBJC_ISA_USAGE = YES_ERROR;
				CLANG_WARN_DOCUMENTATION_COMMENTS = YES;
				CLANG_WARN_EMPTY_BODY = YES;
				CLANG_WARN_ENUM_CONVERSION = YES;
				CLANG_WARN_INFINITE_RECURSION = YES;
				CLANG_WARN_INT_CONVERSION = YES;
				CLANG_WARN_NON_LITERAL_NULL_CONVERSION = YES;
				CLANG_WARN_OBJC_IMPLICIT_RETAIN_SELF = YES;
				CLANG_WARN_OBJC_LITERAL_CONVERSION = YES;
				CLANG_WARN_OBJC_ROOT_CLASS = YES_ERROR;
				CLANG_WARN_QUOTED_INCLUDE_IN_FRAMEWORK_HEADER = YES;
				CLANG_WARN_RANGE_LOOP_ANALYSIS = YES;
				CLANG_WARN_STRICT_PROTOTYPES = YES;
				CLANG_WARN_SUSPICIOUS_MOVE = YES;
				CLANG_WARN_UNGUARDED_AVAILABILITY = YES_AGGRESSIVE;
				CLANG_WARN_UNREACHABLE_CODE = YES;
				CLANG_WARN__DUPLICATE_METHOD_MATCH = YES;
				COPY_PHASE_STRIP = NO;
				DEBUG_INFORMATION_FORMAT = dwarf;
				ENABLE_STRICT_OBJC_MSGSEND = YES;
				ENABLE_TESTABILITY = YES;
				GCC_C_LANGUAGE_STANDARD = gnu11;
				GCC_DYNAMIC_NO_PIC = NO;
				GCC_NO_COMMON_BLOCKS = YES;
				GCC_OPTIMIZATION_LEVEL = 0;
				GCC_PREPROCESSOR_DEFINITIONS = (
					"DEBUG=1",
					"$(inherited)",
				);
				GCC_WARN_64_TO_32_BIT_CONVERSION = YES;
				GCC_WARN_ABOUT_RETURN_TYPE = YES_ERROR;
				GCC_WARN_UNDECLARED_SELECTOR = YES;
				GCC_WARN_UNINITIALIZED_AUTOS = YES_AGGRESSIVE;
				GCC_WARN_UNUSED_FUNCTION = YES;
				GCC_WARN_UNUSED_VARIABLE = YES;
				MACOSX_DEPLOYMENT_TARGET = 13.1;
				MTL_ENABLE_DEBUG_INFO = INCLUDE_SOURCE;
				MTL_FAST_MATH = YES;
				ONLY_ACTIVE_ARCH = YES;
				SDKROOT = macosx;
				SWIFT_ACTIVE_COMPILATION_CONDITIONS = DEBUG;
				SWIFT_OPTIMIZATION_LEVEL = "-Onone";
			};
			name = Debug;
		};
		ED0228D32A0F445500790993 /* Release */ = {
			isa = XCBuildConfiguration;
			buildSettings = {
				ALWAYS_SEARCH_USER_PATHS = NO;
				CLANG_ANALYZER_NONNULL = YES;
				CLANG_ANALYZER_NUMBER_OBJECT_CONVERSION = YES_AGGRESSIVE;
				CLANG_CXX_LANGUAGE_STANDARD = "gnu++20";
				CLANG_ENABLE_MODULES = YES;
				CLANG_ENABLE_OBJC_ARC = YES;
				CLANG_ENABLE_OBJC_WEAK = YES;
				CLANG_WARN_BLOCK_CAPTURE_AUTORELEASING = YES;
				CLANG_WARN_BOOL_CONVERSION = YES;
				CLANG_WARN_COMMA = YES;
				CLANG_WARN_CONSTANT_CONVERSION = YES;
				CLANG_WARN_DEPRECATED_OBJC_IMPLEMENTATIONS = YES;
				CLANG_WARN_DIRECT_OBJC_ISA_USAGE = YES_ERROR;
				CLANG_WARN_DOCUMENTATION_COMMENTS = YES;
				CLANG_WARN_EMPTY_BODY = YES;
				CLANG_WARN_ENUM_CONVERSION = YES;
				CLANG_WARN_INFINITE_RECURSION = YES;
				CLANG_WARN_INT_CONVERSION = YES;
				CLANG_WARN_NON_LITERAL_NULL_CONVERSION = YES;
				CLANG_WARN_OBJC_IMPLICIT_RETAIN_SELF = YES;
				CLANG_WARN_OBJC_LITERAL_CONVERSION = YES;
				CLANG_WARN_OBJC_ROOT_CLASS = YES_ERROR;
				CLANG_WARN_QUOTED_INCLUDE_IN_FRAMEWORK_HEADER = YES;
				CLANG_WARN_RANGE_LOOP_ANALYSIS = YES;
				CLANG_WARN_STRICT_PROTOTYPES = YES;
				CLANG_WARN_SUSPICIOUS_MOVE = YES;
				CLANG_WARN_UNGUARDED_AVAILABILITY = YES_AGGRESSIVE;
				CLANG_WARN_UNREACHABLE_CODE = YES;
				CLANG_WARN__DUPLICATE_METHOD_MATCH = YES;
				COPY_PHASE_STRIP = NO;
				DEBUG_INFORMATION_FORMAT = "dwarf-with-dsym";
				ENABLE_NS_ASSERTIONS = NO;
				ENABLE_STRICT_OBJC_MSGSEND = YES;
				GCC_C_LANGUAGE_STANDARD = gnu11;
				GCC_NO_COMMON_BLOCKS = YES;
				GCC_WARN_64_TO_32_BIT_CONVERSION = YES;
				GCC_WARN_ABOUT_RETURN_TYPE = YES_ERROR;
				GCC_WARN_UNDECLARED_SELECTOR = YES;
				GCC_WARN_UNINITIALIZED_AUTOS = YES_AGGRESSIVE;
				GCC_WARN_UNUSED_FUNCTION = YES;
				GCC_WARN_UNUSED_VARIABLE = YES;
				MACOSX_DEPLOYMENT_TARGET = 13.1;
				MTL_ENABLE_DEBUG_INFO = NO;
				MTL_FAST_MATH = YES;
				SDKROOT = macosx;
				SWIFT_COMPILATION_MODE = wholemodule;
				SWIFT_OPTIMIZATION_LEVEL = "-O";
			};
			name = Release;
		};
		ED0228D52A0F445500790993 /* Debug */ = {
			isa = XCBuildConfiguration;
			buildSettings = {
				ASSETCATALOG_COMPILER_APPICON_NAME = AppIcon;
				ASSETCATALOG_COMPILER_GLOBAL_ACCENT_COLOR_NAME = AccentColor;
				CLANG_ENABLE_MODULES = YES;
				CODE_SIGN_ENTITLEMENTS = saltus/saltus.entitlements;
				"CODE_SIGN_IDENTITY[sdk=macosx*]" = "-";
				CODE_SIGN_STYLE = Automatic;
				COMBINE_HIDPI_IMAGES = YES;
				CURRENT_PROJECT_VERSION = 1;
				DEVELOPMENT_ASSET_PATHS = "\"saltus/Preview Content\"";
				DEVELOPMENT_TEAM = "";
				ENABLE_PREVIEWS = YES;
				GENERATE_INFOPLIST_FILE = YES;
				HEADER_SEARCH_PATHS = "$(SRCROOT)/mruby/include";
				INFOPLIST_KEY_NSHumanReadableCopyright = "";
				LD_RUNPATH_SEARCH_PATHS = (
					"$(inherited)",
					"@executable_path/../Frameworks",
				);
				LIBRARY_SEARCH_PATHS = (
					"$(inherited)",
					"$(PROJECT_DIR)/mruby/build/host/lib",
				);
				MACOSX_DEPLOYMENT_TARGET = 13.1;
				MARKETING_VERSION = 1.0;
				PRODUCT_BUNDLE_IDENTIFIER = zip.ddc.saltus;
				PRODUCT_NAME = "$(TARGET_NAME)";
				SWIFT_EMIT_LOC_STRINGS = YES;
				SWIFT_OBJC_BRIDGING_HEADER = "saltus/saltus-Bridging-Header.h";
				SWIFT_OPTIMIZATION_LEVEL = "-Onone";
				SWIFT_VERSION = 5.0;
			};
			name = Debug;
		};
		ED0228D62A0F445500790993 /* Release */ = {
			isa = XCBuildConfiguration;
			buildSettings = {
				ASSETCATALOG_COMPILER_APPICON_NAME = AppIcon;
				ASSETCATALOG_COMPILER_GLOBAL_ACCENT_COLOR_NAME = AccentColor;
				CLANG_ENABLE_MODULES = YES;
				CODE_SIGN_ENTITLEMENTS = saltus/saltus.entitlements;
				"CODE_SIGN_IDENTITY[sdk=macosx*]" = "-";
				CODE_SIGN_STYLE = Automatic;
				COMBINE_HIDPI_IMAGES = YES;
				CURRENT_PROJECT_VERSION = 1;
				DEVELOPMENT_ASSET_PATHS = "\"saltus/Preview Content\"";
				DEVELOPMENT_TEAM = "";
				ENABLE_PREVIEWS = YES;
				GENERATE_INFOPLIST_FILE = YES;
				HEADER_SEARCH_PATHS = "$(SRCROOT)/mruby/include";
				INFOPLIST_KEY_NSHumanReadableCopyright = "";
				LD_RUNPATH_SEARCH_PATHS = (
					"$(inherited)",
					"@executable_path/../Frameworks",
				);
				LIBRARY_SEARCH_PATHS = (
					"$(inherited)",
					"$(PROJECT_DIR)/mruby/build/host/lib",
				);
				MACOSX_DEPLOYMENT_TARGET = 13.1;
				MARKETING_VERSION = 1.0;
				PRODUCT_BUNDLE_IDENTIFIER = zip.ddc.saltus;
				PRODUCT_NAME = "$(TARGET_NAME)";
				SWIFT_EMIT_LOC_STRINGS = YES;
				SWIFT_OBJC_BRIDGING_HEADER = "saltus/saltus-Bridging-Header.h";
				SWIFT_VERSION = 5.0;
			};
			name = Release;
		};
		ED0228D82A0F445500790993 /* Debug */ = {
			isa = XCBuildConfiguration;
			buildSettings = {
				ALWAYS_EMBED_SWIFT_STANDARD_LIBRARIES = YES;
				BUNDLE_LOADER = "$(TEST_HOST)";
				CODE_SIGN_STYLE = Automatic;
				CURRENT_PROJECT_VERSION = 1;
				GENERATE_INFOPLIST_FILE = YES;
				MACOSX_DEPLOYMENT_TARGET = 13.1;
				MARKETING_VERSION = 1.0;
				PRODUCT_BUNDLE_IDENTIFIER = center.dd.saltusTests;
				PRODUCT_NAME = "$(TARGET_NAME)";
				SWIFT_EMIT_LOC_STRINGS = NO;
				SWIFT_VERSION = 5.0;
				TEST_HOST = "$(BUILT_PRODUCTS_DIR)/saltus.app/$(BUNDLE_EXECUTABLE_FOLDER_PATH)/saltus";
			};
			name = Debug;
		};
		ED0228D92A0F445500790993 /* Release */ = {
			isa = XCBuildConfiguration;
			buildSettings = {
				ALWAYS_EMBED_SWIFT_STANDARD_LIBRARIES = YES;
				BUNDLE_LOADER = "$(TEST_HOST)";
				CODE_SIGN_STYLE = Automatic;
				CURRENT_PROJECT_VERSION = 1;
				GENERATE_INFOPLIST_FILE = YES;
				MACOSX_DEPLOYMENT_TARGET = 13.1;
				MARKETING_VERSION = 1.0;
				PRODUCT_BUNDLE_IDENTIFIER = center.dd.saltusTests;
				PRODUCT_NAME = "$(TARGET_NAME)";
				SWIFT_EMIT_LOC_STRINGS = NO;
				SWIFT_VERSION = 5.0;
				TEST_HOST = "$(BUILT_PRODUCTS_DIR)/saltus.app/$(BUNDLE_EXECUTABLE_FOLDER_PATH)/saltus";
			};
			name = Release;
		};
		ED0228DB2A0F445500790993 /* Debug */ = {
			isa = XCBuildConfiguration;
			buildSettings = {
				ALWAYS_EMBED_SWIFT_STANDARD_LIBRARIES = YES;
				CODE_SIGN_STYLE = Automatic;
				CURRENT_PROJECT_VERSION = 1;
				GENERATE_INFOPLIST_FILE = YES;
				MARKETING_VERSION = 1.0;
				PRODUCT_BUNDLE_IDENTIFIER = center.dd.saltusUITests;
				PRODUCT_NAME = "$(TARGET_NAME)";
				SWIFT_EMIT_LOC_STRINGS = NO;
				SWIFT_VERSION = 5.0;
				TEST_TARGET_NAME = saltus;
			};
			name = Debug;
		};
		ED0228DC2A0F445500790993 /* Release */ = {
			isa = XCBuildConfiguration;
			buildSettings = {
				ALWAYS_EMBED_SWIFT_STANDARD_LIBRARIES = YES;
				CODE_SIGN_STYLE = Automatic;
				CURRENT_PROJECT_VERSION = 1;
				GENERATE_INFOPLIST_FILE = YES;
				MARKETING_VERSION = 1.0;
				PRODUCT_BUNDLE_IDENTIFIER = center.dd.saltusUITests;
				PRODUCT_NAME = "$(TARGET_NAME)";
				SWIFT_EMIT_LOC_STRINGS = NO;
				SWIFT_VERSION = 5.0;
				TEST_TARGET_NAME = saltus;
			};
			name = Release;
		};
/* End XCBuildConfiguration section */

/* Begin XCConfigurationList section */
		ED0228AA2A0F445400790993 /* Build configuration list for PBXProject "saltus" */ = {
			isa = XCConfigurationList;
			buildConfigurations = (
				ED0228D22A0F445500790993 /* Debug */,
				ED0228D32A0F445500790993 /* Release */,
			);
			defaultConfigurationIsVisible = 0;
			defaultConfigurationName = Release;
		};
		ED0228D42A0F445500790993 /* Build configuration list for PBXNativeTarget "saltus" */ = {
			isa = XCConfigurationList;
			buildConfigurations = (
				ED0228D52A0F445500790993 /* Debug */,
				ED0228D62A0F445500790993 /* Release */,
			);
			defaultConfigurationIsVisible = 0;
			defaultConfigurationName = Release;
		};
		ED0228D72A0F445500790993 /* Build configuration list for PBXNativeTarget "saltusTests" */ = {
			isa = XCConfigurationList;
			buildConfigurations = (
				ED0228D82A0F445500790993 /* Debug */,
				ED0228D92A0F445500790993 /* Release */,
			);
			defaultConfigurationIsVisible = 0;
			defaultConfigurationName = Release;
		};
		ED0228DA2A0F445500790993 /* Build configuration list for PBXNativeTarget "saltusUITests" */ = {
			isa = XCConfigurationList;
			buildConfigurations = (
				ED0228DB2A0F445500790993 /* Debug */,
				ED0228DC2A0F445500790993 /* Release */,
			);
			defaultConfigurationIsVisible = 0;
			defaultConfigurationName = Release;
		};
/* End XCConfigurationList section */

/* Begin XCRemoteSwiftPackageReference section */
		ED9AE08F2A183D4E00476DCA /* XCRemoteSwiftPackageReference "SwiftUI-WebView" */ = {
			isa = XCRemoteSwiftPackageReference;
			repositoryURL = "https://github.com/kylehickinson/SwiftUI-WebView";
			requirement = {
				kind = upToNextMajorVersion;
				minimumVersion = 0.3.0;
			};
		};
		ED9AE0922A183D6600476DCA /* XCRemoteSwiftPackageReference "Ink" */ = {
			isa = XCRemoteSwiftPackageReference;
			repositoryURL = "https://github.com/JohnSundell/Ink";
			requirement = {
				kind = upToNextMajorVersion;
				minimumVersion = 0.6.0;
			};
		};
/* End XCRemoteSwiftPackageReference section */

/* Begin XCSwiftPackageProductDependency section */
		ED9AE0902A183D4E00476DCA /* WebView */ = {
			isa = XCSwiftPackageProductDependency;
			package = ED9AE08F2A183D4E00476DCA /* XCRemoteSwiftPackageReference "SwiftUI-WebView" */;
			productName = WebView;
		};
		ED9AE0932A183D6600476DCA /* Ink */ = {
			isa = XCSwiftPackageProductDependency;
			package = ED9AE0922A183D6600476DCA /* XCRemoteSwiftPackageReference "Ink" */;
			productName = Ink;
		};
/* End XCSwiftPackageProductDependency section */

/* Begin XCVersionGroup section */
		ED2F636B2A183AB400B40595 /* ApplicationModel.xcdatamodeld */ = {
			isa = XCVersionGroup;
			children = (
				ED2F636C2A183AB400B40595 /* ApplicationModel.xcdatamodel */,
			);
			currentVersion = ED2F636C2A183AB400B40595 /* ApplicationModel.xcdatamodel */;
			path = ApplicationModel.xcdatamodeld;
			sourceTree = "<group>";
			versionGroupType = wrapper.xcdatamodel;
		};
/* End XCVersionGroup section */
	};
	rootObject = ED0228A72A0F445400790993 /* Project object */;
}
